
Microsoft Visual Studio Solution File, Format Version 12.00
# Visual Studio Version 16
VisualStudioVersion = 16.0.32901.82
MinimumVisualStudioVersion = 10.0.40219.1
Project("{9A19103F-16F7-4668-BE54-9A1E7A4F7556}") = "OOP-Inheritance-EnCapsulation_Namespace", "OOP-Inheritance-EnCapsulation_Namespace\OOP-Inheritance-EnCapsulation_Namespace.csproj", "{63225A85-3A87-4B11-912A-BF0C1BA2C16D}"
EndProject
Project("{FAE04EC0-301F-11D3-BF4B-00C04F79EFBC}") = "Domain", "Domain\Domain.csproj", "{B6E9C4B1-C9B7-4288-8A47-4F9A9D1B9BA9}"
EndProject
Global
	GlobalSection(SolutionConfigurationPlatforms) = preSolution
		Debug|Any CPU = Debug|Any CPU
		Release|Any CPU = Release|Any CPU
	EndGlobalSection
	GlobalSection(ProjectConfigurationPlatforms) = postSolution
		{63225A85-3A87-4B11-912A-BF0C1BA2C16D}.Debug|Any CPU.ActiveCfg = Debug|Any CPU
		{63225A85-3A87-4B11-912A-BF0C1BA2C16D}.Debug|Any CPU.Build.0 = Debug|Any CPU
		{63225A85-3A87-4B11-912A-BF0C1BA2C16D}.Release|Any CPU.ActiveCfg = Release|Any CPU
		{63225A85-3A87-4B11-912A-BF0C1BA2C16D}.Release|Any CPU.Build.0 = Release|Any CPU
		{B6E9C4B1-C9B7-4288-8A47-4F9A9D1B9BA9}.Debug|Any CPU.ActiveCfg = Debug|Any CPU
		{B6E9C4B1-C9B7-4288-8A47-4F9A9D1B9BA9}.Debug|Any CPU.Build.0 = Debug|Any CPU
		{B6E9C4B1-C9B7-4288-8A47-4F9A9D1B9BA9}.Release|Any CPU.ActiveCfg = Release|Any CPU
		{B6E9C4B1-C9B7-4288-8A47-4F9A9D1B9BA9}.Release|Any CPU.Build.0 = Release|Any CPU
	EndGlobalSection
	GlobalSection(SolutionProperties) = preSolution
		HideSolutionNode = FALSE
	EndGlobalSection
	GlobalSection(ExtensibilityGlobals) = postSolution
		SolutionGuid = {D82A3238-9B0A-4C58-90DA-25EBE23ADEC5}
	EndGlobalSection
EndGlobal
